{
  "nodes": {
    "age-plugin-op": {
      "inputs": {
        "nixpkgs": [
          "nixpkgs"
        ]
      },
      "locked": {
        "lastModified": 1736264229,
        "narHash": "sha256-rFM8oD4vMuUgvXx79uwzjJiyx/NfLKDhCAdDQsjsozc=",
        "owner": "samchouse",
        "repo": "age-plugin-op",
        "rev": "466f4437c61adf937b11d004275c68d05f0476a2",
        "type": "github"
      },
      "original": {
        "owner": "samchouse",
        "repo": "age-plugin-op",
        "type": "github"
      }
    },
    "catppuccin": {
      "inputs": {
        "nixpkgs": [
          "nixpkgs"
        ]
      },
      "locked": {
        "lastModified": 1756365413,
        "narHash": "sha256-rWJqnFNh+xAoXLPMOUWvb2jMUUgGs4PKI/p2lgUczBA=",
        "owner": "catppuccin",
        "repo": "nix",
        "rev": "842da43be0d00d7cf4c26faf279bc71a614c259b",
        "type": "github"
      },
      "original": {
        "owner": "catppuccin",
        "repo": "nix",
        "type": "github"
      }
    },
    "custom-fonts": {
      "inputs": {
        "nixpkgs": [
          "nixpkgs"
        ]
      },
      "locked": {
        "lastModified": 1725143885,
        "narHash": "sha256-IpQifexhSxNDMbpZYar1bmbh69j9j+eVF0TQpcrsVtI=",
        "ref": "main",
        "rev": "d60b884c0316a0d620969768c7187f7ad5c6b4d1",
        "revCount": 1,
        "type": "git",
        "url": "ssh://git@github.com/samchouse/fonts.git"
      },
      "original": {
        "ref": "main",
        "type": "git",
        "url": "ssh://git@github.com/samchouse/fonts.git"
      }
    },
    "dix": {
      "inputs": {
        "fenix": "fenix",
        "nixpkgs": [
          "niqspkgs",
          "nq",
          "nixpkgs"
        ],
        "systems": [
          "niqspkgs",
          "nq",
          "systems"
        ]
      },
      "locked": {
        "lastModified": 1753646251,
        "narHash": "sha256-Gq5Nr6xVGpAf1XnYrmoeyvqVgffAi8R6QETJU3xv22M=",
        "owner": "bloxx12",
        "repo": "dix",
        "rev": "28ba934ac190e637d520ff3055f786077729638e",
        "type": "github"
      },
      "original": {
        "owner": "bloxx12",
        "repo": "dix",
        "type": "github"
      }
    },
    "dsync": {
      "inputs": {
        "nixpkgs": [
          "niqspkgs",
          "nixpkgs"
        ],
        "systems": [
          "niqspkgs",
          "systems"
        ]
      },
      "locked": {
        "lastModified": 1751025274,
        "narHash": "sha256-8n6ZIQTmUM1/f3TR26/cvzcUIVGWdPNaBrE0uZdsSvM=",
        "owner": "diniamo",
        "repo": "dsync",
        "rev": "681c74805108b016096ec6f755db37864bb6a717",
        "type": "github"
      },
      "original": {
        "owner": "diniamo",
        "repo": "dsync",
        "type": "github"
      }
    },
    "fenix": {
      "inputs": {
        "nixpkgs": [
          "niqspkgs",
          "nq",
          "dix",
          "nixpkgs"
        ],
        "rust-analyzer-src": "rust-analyzer-src"
      },
      "locked": {
        "lastModified": 1753598717,
        "narHash": "sha256-Kn5J8HDd+k51c72upNc9IKmIaqN+AqrZfhcU5rDEMHo=",
        "owner": "nix-community",
        "repo": "fenix",
        "rev": "1dd2e6a479e1d6210d67bf10a119e10c508d9b5f",
        "type": "github"
      },
      "original": {
        "owner": "nix-community",
        "repo": "fenix",
        "type": "github"
      }
    },
    "flake-parts": {
      "inputs": {
        "nixpkgs-lib": [
          "niqspkgs",
          "nixpkgs"
        ]
      },
      "locked": {
        "lastModified": 1743550720,
        "narHash": "sha256-hIshGgKZCgWh6AYJpJmRgFdR3WUbkY04o82X05xqQiY=",
        "owner": "hercules-ci",
        "repo": "flake-parts",
        "rev": "c621e8422220273271f52058f618c94e405bb0f5",
        "type": "github"
      },
      "original": {
        "owner": "hercules-ci",
        "repo": "flake-parts",
        "type": "github"
      }
    },
    "flake-parts_2": {
      "inputs": {
        "nixpkgs-lib": [
          "nixvim",
          "nixpkgs"
        ]
      },
      "locked": {
        "lastModified": 1754487366,
        "narHash": "sha256-pHYj8gUBapuUzKV/kN/tR3Zvqc7o6gdFB9XKXIp1SQ8=",
        "owner": "hercules-ci",
        "repo": "flake-parts",
        "rev": "af66ad14b28a127c5c0f3bbb298218fc63528a18",
        "type": "github"
      },
      "original": {
        "owner": "hercules-ci",
        "repo": "flake-parts",
        "type": "github"
      }
    },
    "flake-utils": {
      "inputs": {
        "systems": "systems_2"
      },
      "locked": {
        "lastModified": 1731533236,
        "narHash": "sha256-l0KFg5HjrsfsO/JpG+r7fRrqm12kzFHyUHqHCVpMMbI=",
        "owner": "numtide",
        "repo": "flake-utils",
        "rev": "11707dc2f618dd54ca8739b309ec4fc024de578b",
        "type": "github"
      },
      "original": {
        "owner": "numtide",
        "repo": "flake-utils",
        "type": "github"
      }
    },
    "flint": {
      "inputs": {
        "nixpkgs": [
          "niqspkgs",
          "nixpkgs"
        ]
      },
      "locked": {
        "lastModified": 1739362011,
        "narHash": "sha256-16LoFQCSesNILpDLnhsk6IDWB9MkbhPN0emq29/B9Vw=",
        "owner": "NotAShelf",
        "repo": "flint",
        "rev": "6da53afec5296fc20551a833db46348420b64713",
        "type": "github"
      },
      "original": {
        "owner": "NotAShelf",
        "repo": "flint",
        "type": "github"
      }
    },
    "home-manager": {
      "inputs": {
        "nixpkgs": [
          "nixpkgs"
        ]
      },
      "locked": {
        "lastModified": 1756579987,
        "narHash": "sha256-duCce8zGsaMsrqqOmLOsuaV1PVIw/vXWnKuLKZClsGg=",
        "owner": "nix-community",
        "repo": "home-manager",
        "rev": "99a69bdf8a3c6bf038c4121e9c4b6e99706a187a",
        "type": "github"
      },
      "original": {
        "owner": "nix-community",
        "repo": "home-manager",
        "type": "github"
      }
    },
    "ixx": {
      "inputs": {
        "flake-utils": [
          "nixvim",
          "nuschtosSearch",
          "flake-utils"
        ],
        "nixpkgs": [
          "nixvim",
          "nuschtosSearch",
          "nixpkgs"
        ]
      },
      "locked": {
        "lastModified": 1754860581,
        "narHash": "sha256-EM0IE63OHxXCOpDHXaTyHIOk2cNvMCGPqLt/IdtVxgk=",
        "owner": "NuschtOS",
        "repo": "ixx",
        "rev": "babfe85a876162c4acc9ab6fb4483df88fa1f281",
        "type": "github"
      },
      "original": {
        "owner": "NuschtOS",
        "ref": "v0.1.1",
        "repo": "ixx",
        "type": "github"
      }
    },
    "niqspkgs": {
      "inputs": {
        "dsync": "dsync",
        "flake-parts": "flake-parts",
        "flint": "flint",
        "nixpkgs": [
          "nixpkgs"
        ],
        "nq": "nq",
        "systems": "systems",
        "watt": "watt",
        "wiremix": "wiremix"
      },
      "locked": {
        "lastModified": 1754759695,
        "narHash": "sha256-yoATwangL3jDPBaQmPojyVcXAiFqeFqFG3oBogEVOv8=",
        "owner": "diniamo",
        "repo": "niqspkgs",
        "rev": "254e508d3e92e676bd0581c3fb7de69626e0ab34",
        "type": "github"
      },
      "original": {
        "owner": "diniamo",
        "repo": "niqspkgs",
        "type": "github"
      }
    },
    "nixpkgs": {
      "locked": {
        "lastModified": 1756542300,
        "narHash": "sha256-tlOn88coG5fzdyqz6R93SQL5Gpq+m/DsWpekNFhqPQk=",
        "owner": "nixos",
        "repo": "nixpkgs",
        "rev": "d7600c775f877cd87b4f5a831c28aa94137377aa",
        "type": "github"
      },
      "original": {
        "owner": "nixos",
        "ref": "nixos-unstable",
        "repo": "nixpkgs",
        "type": "github"
      }
    },
    "nixpkgs-small": {
      "locked": {
        "lastModified": 1756535674,
        "narHash": "sha256-A7H5PZwytV5cxIcwt8mX64JWsyWf0Ig5l0C02u230kE=",
        "owner": "nixos",
        "repo": "nixpkgs",
        "rev": "ecb5ae716ec879b088b0f1b33e808c6ffdf0bcd9",
        "type": "github"
      },
      "original": {
        "owner": "nixos",
        "ref": "nixos-unstable-small",
        "repo": "nixpkgs",
        "type": "github"
      }
    },
    "nixvim": {
      "inputs": {
        "flake-parts": "flake-parts_2",
        "nixpkgs": [
          "nixpkgs"
        ],
        "nuschtosSearch": "nuschtosSearch",
        "systems": "systems_3"
      },
      "locked": {
        "lastModified": 1756587208,
        "narHash": "sha256-pATHF/7rZeEYxnkvLZgrLbCjG4xBJDJ4zkjUiu+hhiU=",
        "owner": "nix-community",
        "repo": "nixvim",
        "rev": "8bad4d407dace583ebf6a41d32cab479788898fe",
        "type": "github"
      },
      "original": {
        "owner": "nix-community",
        "repo": "nixvim",
        "type": "github"
      }
    },
    "nq": {
      "inputs": {
        "dix": "dix",
        "flake-parts": [
          "niqspkgs",
          "flake-parts"
        ],
        "nixpkgs": [
          "niqspkgs",
          "nixpkgs"
        ],
        "systems": [
          "niqspkgs",
          "systems"
        ]
      },
      "locked": {
        "lastModified": 1754720805,
        "narHash": "sha256-AdeDSk+ip4U2Eio2NT2Gs7UURE2iycUnyXC+bq8U3kI=",
        "owner": "diniamo",
        "repo": "nq",
        "rev": "c78867eb96b4f78e81b2892f341554d8cc9cf276",
        "type": "github"
      },
      "original": {
        "owner": "diniamo",
        "repo": "nq",
        "type": "github"
      }
    },
    "nuschtosSearch": {
      "inputs": {
        "flake-utils": "flake-utils",
        "ixx": "ixx",
        "nixpkgs": [
          "nixvim",
          "nixpkgs"
        ]
      },
      "locked": {
        "lastModified": 1755555503,
        "narHash": "sha256-WiOO7GUOsJ4/DoMy2IC5InnqRDSo2U11la48vCCIjjY=",
        "owner": "NuschtOS",
        "repo": "search",
        "rev": "6f3efef888b92e6520f10eae15b86ff537e1d2ea",
        "type": "github"
      },
      "original": {
        "owner": "NuschtOS",
        "repo": "search",
        "type": "github"
      }
    },
    "root": {
      "inputs": {
        "age-plugin-op": "age-plugin-op",
        "catppuccin": "catppuccin",
        "custom-fonts": "custom-fonts",
        "home-manager": "home-manager",
        "niqspkgs": "niqspkgs",
        "nixpkgs": "nixpkgs",
        "nixpkgs-small": "nixpkgs-small",
        "nixvim": "nixvim",
        "sops-nix": "sops-nix",
        "treefmt-nix": "treefmt-nix",
        "zen-browser": "zen-browser"
      }
    },
    "rust-analyzer-src": {
      "flake": false,
      "locked": {
        "lastModified": 1753540496,
        "narHash": "sha256-BB8YntBL5sv6ZwuPz5bz7vL6f6LOHUHDct9yWvcQvvI=",
        "owner": "rust-lang",
        "repo": "rust-analyzer",
        "rev": "ea413f67a8f730b4211c09e103f8207c62e7dbc3",
        "type": "github"
      },
      "original": {
        "owner": "rust-lang",
        "ref": "nightly",
        "repo": "rust-analyzer",
        "type": "github"
      }
    },
    "sops-nix": {
      "inputs": {
        "nixpkgs": [
          "nixpkgs"
        ]
      },
      "locked": {
        "lastModified": 1745195830,
        "narHash": "sha256-FIcXNX1Kkd1hfXXKI+zZ9BUMoJKffBThb/dQ8+vzx/I=",
        "owner": "samchouse",
        "repo": "sops-nix",
        "rev": "b7f632ff7b53421fd8609ac46ead8603c2b3cf8f",
        "type": "github"
      },
      "original": {
        "owner": "samchouse",
        "repo": "sops-nix",
        "type": "github"
      }
    },
    "systems": {
      "locked": {
        "lastModified": 1689347949,
        "narHash": "sha256-12tWmuL2zgBgZkdoB6qXZsgJEH9LR3oUgpaQq2RbI80=",
        "owner": "nix-systems",
        "repo": "default-linux",
        "rev": "31732fcf5e8fea42e59c2488ad31a0e651500f68",
        "type": "github"
      },
      "original": {
        "owner": "nix-systems",
        "repo": "default-linux",
        "type": "github"
      }
    },
    "systems_2": {
      "locked": {
        "lastModified": 1681028828,
        "narHash": "sha256-Vy1rq5AaRuLzOxct8nz4T6wlgyUR7zLU309k9mBC768=",
        "owner": "nix-systems",
        "repo": "default",
        "rev": "da67096a3b9bf56a91d16901293e51ba5b49a27e",
        "type": "github"
      },
      "original": {
        "owner": "nix-systems",
        "repo": "default",
        "type": "github"
      }
    },
    "systems_3": {
      "locked": {
        "lastModified": 1681028828,
        "narHash": "sha256-Vy1rq5AaRuLzOxct8nz4T6wlgyUR7zLU309k9mBC768=",
        "owner": "nix-systems",
        "repo": "default",
        "rev": "da67096a3b9bf56a91d16901293e51ba5b49a27e",
        "type": "github"
      },
      "original": {
        "owner": "nix-systems",
        "repo": "default",
        "type": "github"
      }
    },
    "treefmt-nix": {
      "inputs": {
        "nixpkgs": [
          "nixpkgs"
        ]
      },
      "locked": {
        "lastModified": 1755934250,
        "narHash": "sha256-CsDojnMgYsfshQw3t4zjRUkmMmUdZGthl16bXVWgRYU=",
        "owner": "numtide",
        "repo": "treefmt-nix",
        "rev": "74e1a52d5bd9430312f8d1b8b0354c92c17453e5",
        "type": "github"
      },
      "original": {
        "owner": "numtide",
        "repo": "treefmt-nix",
        "type": "github"
      }
    },
    "watt": {
      "inputs": {
        "nixpkgs": [
          "niqspkgs",
          "nixpkgs"
        ]
      },
      "locked": {
        "lastModified": 1749377316,
        "narHash": "sha256-hw3rL4rlIlYJMTeE7DlQ3lRhQDJURAhE+PC/NT4VAAQ=",
        "owner": "NotAShelf",
        "repo": "watt",
        "rev": "154724c7b1bd49654ea55df719e1eb3219ec2000",
        "type": "github"
      },
      "original": {
        "owner": "NotAShelf",
        "repo": "watt",
        "type": "github"
      }
    },
    "wiremix": {
      "inputs": {
        "nixpkgs": [
          "niqspkgs",
          "nixpkgs"
        ],
        "systems": [
          "niqspkgs",
          "systems"
        ]
      },
      "locked": {
        "lastModified": 1749265815,
        "narHash": "sha256-QLTCkYeXw/W7uB9vka7xeimxolFytpvFBTmHTc8XGpI=",
        "owner": "tsowell",
        "repo": "wiremix",
        "rev": "2a89df76e5d415f7a533377574c22df0aeddfe65",
        "type": "github"
      },
      "original": {
        "owner": "tsowell",
        "repo": "wiremix",
        "type": "github"
      }
    },
    "zen-browser": {
      "inputs": {
        "nixpkgs": [
          "nixpkgs"
        ]
      },
      "locked": {
        "lastModified": 1756526767,
        "narHash": "sha256-aMcUT5QOgVghB+x89xf9+Phc/BTIQfoitVIcQ66ZQWk=",
        "owner": "youwen5",
        "repo": "zen-browser-flake",
        "rev": "3cef1d4a0b597c1746d399cc46ef98a53af9a732",
        "type": "github"
      },
      "original": {
        "owner": "youwen5",
        "repo": "zen-browser-flake",
        "type": "github"
      }
    }
  },
  "root": "root",
  "version": 7
}
